
Microsoft Visual Studio Solution File, Format Version 12.00
# Visual Studio 15
VisualStudioVersion = 15.0.28307.779
MinimumVisualStudioVersion = 10.0.40219.1
Project("{FAE04EC0-301F-11D3-BF4B-00C04F79EFBC}") = "AFPCrecerPruebaAPI", "AFPCrecerPrueba\AFPCrecerPruebaAPI.csproj", "{CE2390A7-44EE-4284-B27A-38B52F7BA7EA}"
EndProject
Project("{FAE04EC0-301F-11D3-BF4B-00C04F79EFBC}") = "AFPCrecerPrueba.Tests", "AFPCrecerPrueba.Tests\AFPCrecerPrueba.Tests.csproj", "{4230C144-E044-48E7-99CD-B226BC65FB99}"
EndProject
Project("{FAE04EC0-301F-11D3-BF4B-00C04F79EFBC}") = "DAL", "DAL\DAL.csproj", "{201749DE-120B-4F9A-AF05-DD57F2561310}"
EndProject
Global
	GlobalSection(SolutionConfigurationPlatforms) = preSolution
		Debug|Any CPU = Debug|Any CPU
		Release|Any CPU = Release|Any CPU
	EndGlobalSection
	GlobalSection(ProjectConfigurationPlatforms) = postSolution
		{CE2390A7-44EE-4284-B27A-38B52F7BA7EA}.Debug|Any CPU.ActiveCfg = Debug|Any CPU
		{CE2390A7-44EE-4284-B27A-38B52F7BA7EA}.Debug|Any CPU.Build.0 = Debug|Any CPU
		{CE2390A7-44EE-4284-B27A-38B52F7BA7EA}.Release|Any CPU.ActiveCfg = Release|Any CPU
		{CE2390A7-44EE-4284-B27A-38B52F7BA7EA}.Release|Any CPU.Build.0 = Release|Any CPU
		{4230C144-E044-48E7-99CD-B226BC65FB99}.Debug|Any CPU.ActiveCfg = Debug|Any CPU
		{4230C144-E044-48E7-99CD-B226BC65FB99}.Debug|Any CPU.Build.0 = Debug|Any CPU
		{4230C144-E044-48E7-99CD-B226BC65FB99}.Release|Any CPU.ActiveCfg = Release|Any CPU
		{4230C144-E044-48E7-99CD-B226BC65FB99}.Release|Any CPU.Build.0 = Release|Any CPU
		{201749DE-120B-4F9A-AF05-DD57F2561310}.Debug|Any CPU.ActiveCfg = Debug|Any CPU
		{201749DE-120B-4F9A-AF05-DD57F2561310}.Debug|Any CPU.Build.0 = Debug|Any CPU
		{201749DE-120B-4F9A-AF05-DD57F2561310}.Release|Any CPU.ActiveCfg = Release|Any CPU
		{201749DE-120B-4F9A-AF05-DD57F2561310}.Release|Any CPU.Build.0 = Release|Any CPU
	EndGlobalSection
	GlobalSection(SolutionProperties) = preSolution
		HideSolutionNode = FALSE
	EndGlobalSection
	GlobalSection(ExtensibilityGlobals) = postSolution
		SolutionGuid = {8D2D0D1B-91AE-4A10-AB69-E085FBA4A376}
	EndGlobalSection
EndGlobal
